
Microsoft Visual Studio Solution File, Format Version 12.00
# Visual Studio Version 17
VisualStudioVersion = 17.5.33530.505
MinimumVisualStudioVersion = 10.0.40219.1
Project("{FAE04EC0-301F-11D3-BF4B-00C04F79EFBC}") = "CalculatorLib", "CalculatorLib.csproj", "{A89A6D56-4129-4C18-A26C-0BCD0E1451C3}"
EndProject
Global
	GlobalSection(SolutionConfigurationPlatforms) = preSolution
		Debug|Any CPU = Debug|Any CPU
		Release|Any CPU = Release|Any CPU
	EndGlobalSection
	GlobalSection(ProjectConfigurationPlatforms) = postSolution
		{A89A6D56-4129-4C18-A26C-0BCD0E1451C3}.Debug|Any CPU.ActiveCfg = Debug|Any CPU
		{A89A6D56-4129-4C18-A26C-0BCD0E1451C3}.Debug|Any CPU.Build.0 = Debug|Any CPU
		{A89A6D56-4129-4C18-A26C-0BCD0E1451C3}.Release|Any CPU.ActiveCfg = Release|Any CPU
		{A89A6D56-4129-4C18-A26C-0BCD0E1451C3}.Release|Any CPU.Build.0 = Release|Any CPU
	EndGlobalSection
	GlobalSection(SolutionProperties) = preSolution
		HideSolutionNode = FALSE
	EndGlobalSection
	GlobalSection(ExtensibilityGlobals) = postSolution
		SolutionGuid = {16A76242-F602-4A6F-AE90-8B6D03F94742}
	EndGlobalSection
EndGlobal
